
Microsoft Visual Studio Solution File, Format Version 12.00
# Visual Studio Version 17
VisualStudioVersion = 17.12.35527.113
MinimumVisualStudioVersion = 10.0.40219.1
Project("{2150E333-8FDC-42A3-9474-1A3956D46DE8}") = "Services", "Services", "{CFCAD8E7-3D08-4C79-9098-90E5FAE96C5A}"
EndProject
Project("{2150E333-8FDC-42A3-9474-1A3956D46DE8}") = "Catalog", "Catalog", "{48A34410-D8C8-4362-B7A4-9306F7092C1B}"
EndProject
Project("{FAE04EC0-301F-11D3-BF4B-00C04F79EFBC}") = "Catalog.API", "Services\Catalog\Catalog.API\Catalog.API.csproj", "{87A792B5-06D1-41E2-BA29-899EE70297B4}"
EndProject
Project("{FAE04EC0-301F-11D3-BF4B-00C04F79EFBC}") = "Catalog.Application", "Services\Catalog\Catalog.Application\Catalog.Application.csproj", "{BF50812B-2D08-49D6-8201-FA13CBF212B4}"
EndProject
Project("{FAE04EC0-301F-11D3-BF4B-00C04F79EFBC}") = "Catalog.Core", "Services\Catalog\Catalog.Core\Catalog.Core.csproj", "{C708C8E8-4CA8-495D-83C1-1EA29B5FD549}"
EndProject
Project("{FAE04EC0-301F-11D3-BF4B-00C04F79EFBC}") = "Catalog.Infrastructure", "Services\Catalog\Catalog.Infrastructure\Catalog.Infrastructure.csproj", "{3498CEE8-D079-4C3B-B06C-CF9D222C0050}"
EndProject
Project("{E53339B2-1760-4266-BCC7-CA923CBCF16C}") = "docker-compose", "docker-compose.dcproj", "{B2965E4F-A701-4D4D-8877-7D30ABD224C1}"
EndProject
Global
	GlobalSection(SolutionConfigurationPlatforms) = preSolution
		Debug|Any CPU = Debug|Any CPU
		Release|Any CPU = Release|Any CPU
	EndGlobalSection
	GlobalSection(ProjectConfigurationPlatforms) = postSolution
		{87A792B5-06D1-41E2-BA29-899EE70297B4}.Debug|Any CPU.ActiveCfg = Debug|Any CPU
		{87A792B5-06D1-41E2-BA29-899EE70297B4}.Debug|Any CPU.Build.0 = Debug|Any CPU
		{87A792B5-06D1-41E2-BA29-899EE70297B4}.Release|Any CPU.ActiveCfg = Release|Any CPU
		{87A792B5-06D1-41E2-BA29-899EE70297B4}.Release|Any CPU.Build.0 = Release|Any CPU
		{BF50812B-2D08-49D6-8201-FA13CBF212B4}.Debug|Any CPU.ActiveCfg = Debug|Any CPU
		{BF50812B-2D08-49D6-8201-FA13CBF212B4}.Debug|Any CPU.Build.0 = Debug|Any CPU
		{BF50812B-2D08-49D6-8201-FA13CBF212B4}.Release|Any CPU.ActiveCfg = Release|Any CPU
		{BF50812B-2D08-49D6-8201-FA13CBF212B4}.Release|Any CPU.Build.0 = Release|Any CPU
		{C708C8E8-4CA8-495D-83C1-1EA29B5FD549}.Debug|Any CPU.ActiveCfg = Debug|Any CPU
		{C708C8E8-4CA8-495D-83C1-1EA29B5FD549}.Debug|Any CPU.Build.0 = Debug|Any CPU
		{C708C8E8-4CA8-495D-83C1-1EA29B5FD549}.Release|Any CPU.ActiveCfg = Release|Any CPU
		{C708C8E8-4CA8-495D-83C1-1EA29B5FD549}.Release|Any CPU.Build.0 = Release|Any CPU
		{3498CEE8-D079-4C3B-B06C-CF9D222C0050}.Debug|Any CPU.ActiveCfg = Debug|Any CPU
		{3498CEE8-D079-4C3B-B06C-CF9D222C0050}.Debug|Any CPU.Build.0 = Debug|Any CPU
		{3498CEE8-D079-4C3B-B06C-CF9D222C0050}.Release|Any CPU.ActiveCfg = Release|Any CPU
		{3498CEE8-D079-4C3B-B06C-CF9D222C0050}.Release|Any CPU.Build.0 = Release|Any CPU
		{B2965E4F-A701-4D4D-8877-7D30ABD224C1}.Debug|Any CPU.ActiveCfg = Debug|Any CPU
		{B2965E4F-A701-4D4D-8877-7D30ABD224C1}.Debug|Any CPU.Build.0 = Debug|Any CPU
		{B2965E4F-A701-4D4D-8877-7D30ABD224C1}.Release|Any CPU.ActiveCfg = Release|Any CPU
		{B2965E4F-A701-4D4D-8877-7D30ABD224C1}.Release|Any CPU.Build.0 = Release|Any CPU
	EndGlobalSection
	GlobalSection(SolutionProperties) = preSolution
		HideSolutionNode = FALSE
	EndGlobalSection
	GlobalSection(NestedProjects) = preSolution
		{48A34410-D8C8-4362-B7A4-9306F7092C1B} = {CFCAD8E7-3D08-4C79-9098-90E5FAE96C5A}
		{87A792B5-06D1-41E2-BA29-899EE70297B4} = {48A34410-D8C8-4362-B7A4-9306F7092C1B}
		{BF50812B-2D08-49D6-8201-FA13CBF212B4} = {48A34410-D8C8-4362-B7A4-9306F7092C1B}
		{C708C8E8-4CA8-495D-83C1-1EA29B5FD549} = {48A34410-D8C8-4362-B7A4-9306F7092C1B}
		{3498CEE8-D079-4C3B-B06C-CF9D222C0050} = {48A34410-D8C8-4362-B7A4-9306F7092C1B}
	EndGlobalSection
EndGlobal
